
Microsoft Visual Studio Solution File, Format Version 12.00
# Visual Studio Version 16
VisualStudioVersion = 16.0.28803.352
MinimumVisualStudioVersion = 10.0.40219.1
Project("{FAE04EC0-301F-11D3-BF4B-00C04F79EFBC}") = "OpenWeatherMap", "Weather\OpenWeatherMap.csproj", "{A760D808-50D0-480C-86C3-125E6740B954}"
EndProject
Project("{FAE04EC0-301F-11D3-BF4B-00C04F79EFBC}") = "Example", "Example\Example.csproj", "{68AAA7E5-79D2-498F-B68C-DFD9C6B7C804}"
	ProjectSection(ProjectDependencies) = postProject
		{A760D808-50D0-480C-86C3-125E6740B954} = {A760D808-50D0-480C-86C3-125E6740B954}
	EndProjectSection
EndProject
Global
	GlobalSection(SolutionConfigurationPlatforms) = preSolution
		Debug|Any CPU = Debug|Any CPU
		Release|Any CPU = Release|Any CPU
	EndGlobalSection
	GlobalSection(ProjectConfigurationPlatforms) = postSolution
		{A760D808-50D0-480C-86C3-125E6740B954}.Debug|Any CPU.ActiveCfg = Debug|Any CPU
		{A760D808-50D0-480C-86C3-125E6740B954}.Debug|Any CPU.Build.0 = Debug|Any CPU
		{A760D808-50D0-480C-86C3-125E6740B954}.Release|Any CPU.ActiveCfg = Release|Any CPU
		{A760D808-50D0-480C-86C3-125E6740B954}.Release|Any CPU.Build.0 = Release|Any CPU
		{68AAA7E5-79D2-498F-B68C-DFD9C6B7C804}.Debug|Any CPU.ActiveCfg = Debug|Any CPU
		{68AAA7E5-79D2-498F-B68C-DFD9C6B7C804}.Debug|Any CPU.Build.0 = Debug|Any CPU
		{68AAA7E5-79D2-498F-B68C-DFD9C6B7C804}.Release|Any CPU.ActiveCfg = Release|Any CPU
		{68AAA7E5-79D2-498F-B68C-DFD9C6B7C804}.Release|Any CPU.Build.0 = Release|Any CPU
	EndGlobalSection
	GlobalSection(SolutionProperties) = preSolution
		HideSolutionNode = FALSE
	EndGlobalSection
	GlobalSection(ExtensibilityGlobals) = postSolution
		SolutionGuid = {17E0AB7F-70EF-4169-95CF-AD0D0633A3AC}
	EndGlobalSection
EndGlobal
